{
    "_readme": [
        "This file locks the dependencies of your project to a known state",
        "Read more about it at https://getcomposer.org/doc/01-basic-usage.md#installing-dependencies",
        "This file is @generated automatically"
    ],
    "content-hash": "a2ab078108865736801fcd576d22f5f1",
    "packages": [
        {
            "name": "servo/fluidxml",
            "version": "1.21",
            "source": {
                "type": "git",
                "url": "https://github.com/servo-php/fluidxml.git",
                "reference": "b6fb8de6ff781479c9e4fb6e9f27b5af1e87dc4b"
            },
            "dist": {
                "type": "zip",
                "url": "https://api.github.com/repos/servo-php/fluidxml/zipball/b6fb8de6ff781479c9e4fb6e9f27b5af1e87dc4b",
                "reference": "b6fb8de6ff781479c9e4fb6e9f27b5af1e87dc4b",
                "shasum": ""
            },
            "require": {
                "php": ">=5.6"
            },
            "require-dev": {
                "apigen/apigen": "4.*",
                "peridot-php/peridot": "1.*",
                "peridot-php/peridot-code-coverage-reporters": "1.*"
            },
            "type": "library",
            "autoload": {
                "files": [
                    "./source/FluidXml/fluid.php"
                ],
                "psr-4": {
                    "FluidXml\\": "./source/FluidXml/"
                }
            },
            "notification-url": "https://packagist.org/downloads/",
            "license": [
                "BSD-2-Clause"
            ],
            "authors": [
                {
                    "name": "Daniele Orlando",
                    "email": "fluidxml@danieleorlando.com",
                    "homepage": "https://github.com/servo-php/fluidxml",
                    "role": "Developer"
                }
            ],
            "description": "Concise and fluent XML manipulation library",
            "homepage": "https://github.com/servo-php/fluidxml",
            "keywords": [
                "templating",
                "xml"
            ],
            "support": {
                "issues": "https://github.com/servo-php/fluidxml/issues",
                "source": "https://github.com/servo-php/fluidxml/tree/1.20.4"
            },
            "time": "2017-01-31T00:37:33+00:00"
        }
    ],
    "packages-dev": [],
    "aliases": [],
    "minimum-stability": "stable",
    "stability-flags": [],
    "prefer-stable": false,
    "prefer-lowest": false,
    "platform": [],
    "platform-dev": [],
    "plugin-api-version": "2.1.0"
}
